
Microsoft Visual Studio Solution File, Format Version 12.00
# Visual Studio Version 17
VisualStudioVersion = 17.7.34031.279
MinimumVisualStudioVersion = 10.0.40219.1
Project("{FAE04EC0-301F-11D3-BF4B-00C04F79EFBC}") = "First Project", "First Project\First Project.csproj", "{4DC94802-C5D8-4BDB-AEB0-36CE465393C3}"
EndProject
Global
	GlobalSection(SolutionConfigurationPlatforms) = preSolution
		Debug|Any CPU = Debug|Any CPU
		Release|Any CPU = Release|Any CPU
	EndGlobalSection
	GlobalSection(ProjectConfigurationPlatforms) = postSolution
		{4DC94802-C5D8-4BDB-AEB0-36CE465393C3}.Debug|Any CPU.ActiveCfg = Debug|Any CPU
		{4DC94802-C5D8-4BDB-AEB0-36CE465393C3}.Debug|Any CPU.Build.0 = Debug|Any CPU
		{4DC94802-C5D8-4BDB-AEB0-36CE465393C3}.Release|Any CPU.ActiveCfg = Release|Any CPU
		{4DC94802-C5D8-4BDB-AEB0-36CE465393C3}.Release|Any CPU.Build.0 = Release|Any CPU
	EndGlobalSection
	GlobalSection(SolutionProperties) = preSolution
		HideSolutionNode = FALSE
	EndGlobalSection
	GlobalSection(ExtensibilityGlobals) = postSolution
		SolutionGuid = {A673180B-A8C3-418D-92CE-DD8FE19D4E6A}
	EndGlobalSection
EndGlobal
